PODS:
  - GPUImage (0.1.7)
  - SnapKit (4.0.1)

DEPENDENCIES:
  - GPUImage
  - SnapKit (~> 4.0.0)

SPEC REPOS:
  https://github.com/cocoapods/specs.git:
    - GPUImage
    - SnapKit

SPEC CHECKSUMS:
  GPUImage: 733a5f0fab92df9de1c37ba9df520a833ccb406d
  SnapKit: 0de968a9fec17499afa29683b05d0c775b6d1c29

PODFILE CHECKSUM: 99b596f110928279890cf34674a13bfc63205938

COCOAPODS: 1.5.3
